github.com/KarpelesLab/goupd v0.1.3 h1:IXRTGuhAIWFDQDCPPGnxgUJsWKRlDI5rKpdLr/lUe8k=
github.com/KarpelesLab/goupd v0.1.3/go.mod h1:SaSuf1mpzN8sRubeW3thTXwrN6TDskGSpdaRZibDJKk=
github.com/KarpelesLab/rest v0.2.2 h1:cSj/WF3ffbW+dh61+TFCE6CY0IOOEgkY7VeQEr3pajY=
github.com/KarpelesLab/rest v0.2.2/go.mod h1:rVA9bURXRRZLN2ms3A5JmH+zpc9SNoUHNX5KFCemtlE=
github.com/KarpelesLab/rest v0.3.0 h1:VXcJv/vBi+1bab9wcHz+P+KoUU1SNarrpPyeFS7xtKg=
github.com/KarpelesLab/rest v0.3.0/go.mod h1:EkzPNO1adObicrTfsdNpoXvxwIQ/PSVpz7ximuiNnn4=
